// !$*UTF8*$!
{
	archiveVersion = 1;
	classes = {
	};
	objectVersion = 46;
	objects = {

/* Begin PBXBuildFile section */
		119FAB89475D4988B4FC57C4 /* libPods.a in Frameworks */ = {isa = PBXBuildFile; fileRef = D5308D8F3E784A19952F67DA /* libPods.a */; };
		3AA8B88D1878BE6300DF53D6 /* Foundation.framework in Frameworks */ = {isa = PBXBuildFile; fileRef = 3AA8B88C1878BE6300DF53D6 /* Foundation.framework */; };
		3AA8B88F1878BE6300DF53D6 /* CoreGraphics.framework in Frameworks */ = {isa = PBXBuildFile; fileRef = 3AA8B88E1878BE6300DF53D6 /* CoreGraphics.framework */; };
		3AA8B8911878BE6300DF53D6 /* UIKit.framework in Frameworks */ = {isa = PBXBuildFile; fileRef = 3AA8B8901878BE6300DF53D6 /* UIKit.framework */; };
		3AA8B8971878BE6300DF53D6 /* InfoPlist.strings in Resources */ = {isa = PBXBuildFile; fileRef = 3AA8B8951878BE6300DF53D6 /* InfoPlist.strings */; };
		3AA8B8991878BE6300DF53D6 /* main.m in Sources */ = {isa = PBXBuildFile; fileRef = 3AA8B8981878BE6300DF53D6 /* main.m */; };
		3AA8B89D1878BE6300DF53D6 /* AppDelegate.m in Sources */ = {isa = PBXBuildFile; fileRef = 3AA8B89C1878BE6300DF53D6 /* AppDelegate.m */; };
		3AA8B89F1878BE6300DF53D6 /* Images.xcassets in Resources */ = {isa = PBXBuildFile; fileRef = 3AA8B89E1878BE6300DF53D6 /* Images.xcassets */; };
		3AA8B8A61878BE6300DF53D6 /* XCTest.framework in Frameworks */ = {isa = PBXBuildFile; fileRef = 3AA8B8A51878BE6300DF53D6 /* XCTest.framework */; };
		3AA8B8A71878BE6300DF53D6 /* Foundation.framework in Frameworks */ = {isa = PBXBuildFile; fileRef = 3AA8B88C1878BE6300DF53D6 /* Foundation.framework */; };
		3AA8B8A81878BE6300DF53D6 /* UIKit.framework in Frameworks */ = {isa = PBXBuildFile; fileRef = 3AA8B8901878BE6300DF53D6 /* UIKit.framework */; };
		3AA8B8B01878BE6300DF53D6 /* InfoPlist.strings in Resources */ = {isa = PBXBuildFile; fileRef = 3AA8B8AE1878BE6300DF53D6 /* InfoPlist.strings */; };
		3AA8B8B21878BE6300DF53D6 /* ohhttpstubs_issue47Tests.m in Sources */ = {isa = PBXBuildFile; fileRef = 3AA8B8B11878BE6300DF53D6 /* ohhttpstubs_issue47Tests.m */; };
		B276A02B37EF443D8F1B4D6D /* libPods-ohhttpstubs-issue47Tests.a in Frameworks */ = {isa = PBXBuildFile; fileRef = AE4B92159429474B840C8B67 /* libPods-ohhttpstubs-issue47Tests.a */; };
/* End PBXBuildFile section */

/* Begin PBXContainerItemProxy section */
		3AA8B8A91878BE6300DF53D6 /* PBXContainerItemProxy */ = {
			isa = PBXContainerItemProxy;
			containerPortal = 3AA8B8811878BE6300DF53D6 /* Project object */;
			proxyType = 1;
			remoteGlobalIDString = 3AA8B8881878BE6300DF53D6;
			remoteInfo = "ohhttpstubs-issue47";
		};
/* End PBXContainerItemProxy section */

/* Begin PBXFileReference section */
		3AA8B8891878BE6300DF53D6 /* ohhttpstubs-issue47.app */ = {isa = PBXFileReference; explicitFileType = wrapper.application; includeInIndex = 0; path = "ohhttpstubs-issue47.app"; sourceTree = BUILT_PRODUCTS_DIR; };
		3AA8B88C1878BE6300DF53D6 /* Foundation.framework */ = {isa = PBXFileReference; lastKnownFileType = wrapper.framework; name = Foundation.framework; path = System/Library/Frameworks/Foundation.framework; sourceTree = SDKROOT; };
		3AA8B88E1878BE6300DF53D6 /* CoreGraphics.framework */ = {isa = PBXFileReference; lastKnownFileType = wrapper.framework; name = CoreGraphics.framework; path = System/Library/Frameworks/CoreGraphics.framework; sourceTree = SDKROOT; };
		3AA8B8901878BE6300DF53D6 /* UIKit.framework */ = {isa = PBXFileReference; lastKnownFileType = wrapper.framework; name = UIKit.framework; path = System/Library/Frameworks/UIKit.framework; sourceTree = SDKROOT; };
		3AA8B8941878BE6300DF53D6 /* ohhttpstubs-issue47-Info.plist */ = {isa = PBXFileReference; lastKnownFileType = text.plist.xml; path = "ohhttpstubs-issue47-Info.plist"; sourceTree = "<group>"; };
		3AA8B8961878BE6300DF53D6 /* en */ = {isa = PBXFileReference; lastKnownFileType = text.plist.strings; name = en; path = en.lproj/InfoPlist.strings; sourceTree = "<group>"; };
		3AA8B8981878BE6300DF53D6 /* main.m */ = {isa = PBXFileReference; lastKnownFileType = sourcecode.c.objc; path = main.m; sourceTree = "<group>"; };
		3AA8B89A1878BE6300DF53D6 /* ohhttpstubs-issue47-Prefix.pch */ = {isa = PBXFileReference; lastKnownFileType = sourcecode.c.h; path = "ohhttpstubs-issue47-Prefix.pch"; sourceTree = "<group>"; };
		3AA8B89B1878BE6300DF53D6 /* AppDelegate.h */ = {isa = PBXFileReference; lastKnownFileType = sourcecode.c.h; path = AppDelegate.h; sourceTree = "<group>"; };
		3AA8B89C1878BE6300DF53D6 /* AppDelegate.m */ = {isa = PBXFileReference; lastKnownFileType = sourcecode.c.objc; path = AppDelegate.m; sourceTree = "<group>"; };
		3AA8B89E1878BE6300DF53D6 /* Images.xcassets */ = {isa = PBXFileReference; lastKnownFileType = folder.assetcatalog; path = Images.xcassets; sourceTree = "<group>"; };
		3AA8B8A41878BE6300DF53D6 /* ohhttpstubs-issue47Tests.xctest */ = {isa = PBXFileReference; explicitFileType = wrapper.cfbundle; includeInIndex = 0; path = "ohhttpstubs-issue47Tests.xctest"; sourceTree = BUILT_PRODUCTS_DIR; };
		3AA8B8A51878BE6300DF53D6 /* XCTest.framework */ = {isa = PBXFileReference; lastKnownFileType = wrapper.framework; name = XCTest.framework; path = Library/Frameworks/XCTest.framework; sourceTree = DEVELOPER_DIR; };
		3AA8B8AD1878BE6300DF53D6 /* ohhttpstubs-issue47Tests-Info.plist */ = {isa = PBXFileReference; lastKnownFileType = text.plist.xml; path = "ohhttpstubs-issue47Tests-Info.plist"; sourceTree = "<group>"; };
		3AA8B8AF1878BE6300DF53D6 /* en */ = {isa = PBXFileReference; lastKnownFileType = text.plist.strings; name = en; path = en.lproj/InfoPlist.strings; sourceTree = "<group>"; };
		3AA8B8B11878BE6300DF53D6 /* ohhttpstubs_issue47Tests.m */ = {isa = PBXFileReference; lastKnownFileType = sourcecode.c.objc; path = ohhttpstubs_issue47Tests.m; sourceTree = "<group>"; };
		7DD2170B24914B34B797C7D9 /* Pods.xcconfig */ = {isa = PBXFileReference; includeInIndex = 1; lastKnownFileType = text.xcconfig; name = Pods.xcconfig; path = Pods/Pods.xcconfig; sourceTree = "<group>"; };
		AE4B92159429474B840C8B67 /* libPods-ohhttpstubs-issue47Tests.a */ = {isa = PBXFileReference; explicitFileType = archive.ar; includeInIndex = 0; path = "libPods-ohhttpstubs-issue47Tests.a"; sourceTree = BUILT_PRODUCTS_DIR; };
		CE5BEB2D8A154B6EA83D6C26 /* Pods-ohhttpstubs-issue47Tests.xcconfig */ = {isa = PBXFileReference; includeInIndex = 1; lastKnownFileType = text.xcconfig; name = "Pods-ohhttpstubs-issue47Tests.xcconfig"; path = "Pods/Pods-ohhttpstubs-issue47Tests.xcconfig"; sourceTree = "<group>"; };
		D5308D8F3E784A19952F67DA /* libPods.a */ = {isa = PBXFileReference; explicitFileType = archive.ar; includeInIndex = 0; path = libPods.a; sourceTree = BUILT_PRODUCTS_DIR; };
/* End PBXFileReference section */

/* Begin PBXFrameworksBuildPhase section */
		3AA8B8861878BE6300DF53D6 /* Frameworks */ = {
			isa = PBXFrameworksBuildPhase;
			buildActionMask = 2147483647;
			files = (
				3AA8B88F1878BE6300DF53D6 /* CoreGraphics.framework in Frameworks */,
				3AA8B8911878BE6300DF53D6 /* UIKit.framework in Frameworks */,
				3AA8B88D1878BE6300DF53D6 /* Foundation.framework in Frameworks */,
				119FAB89475D4988B4FC57C4 /* libPods.a in Frameworks */,
			);
			runOnlyForDeploymentPostprocessing = 0;
		};
		3AA8B8A11878BE6300DF53D6 /* Frameworks */ = {
			isa = PBXFrameworksBuildPhase;
			buildActionMask = 2147483647;
			files = (
				3AA8B8A61878BE6300DF53D6 /* XCTest.framework in Frameworks */,
				3AA8B8A81878BE6300DF53D6 /* UIKit.framework in Frameworks */,
				3AA8B8A71878BE6300DF53D6 /* Foundation.framework in Frameworks */,
				B276A02B37EF443D8F1B4D6D /* libPods-ohhttpstubs-issue47Tests.a in Frameworks */,
			);
			runOnlyForDeploymentPostprocessing = 0;
		};
/* End PBXFrameworksBuildPhase section */

/* Begin PBXGroup section */
		3AA8B8801878BE6300DF53D6 = {
			isa = PBXGroup;
			children = (
				3AA8B8921878BE6300DF53D6 /* ohhttpstubs-issue47 */,
				3AA8B8AB1878BE6300DF53D6 /* ohhttpstubs-issue47Tests */,
				3AA8B88B1878BE6300DF53D6 /* Frameworks */,
				3AA8B88A1878BE6300DF53D6 /* Products */,
				7DD2170B24914B34B797C7D9 /* Pods.xcconfig */,
				CE5BEB2D8A154B6EA83D6C26 /* Pods-ohhttpstubs-issue47Tests.xcconfig */,
			);
			sourceTree = "<group>";
		};
		3AA8B88A1878BE6300DF53D6 /* Products */ = {
			isa = PBXGroup;
			children = (
				3AA8B8891878BE6300DF53D6 /* ohhttpstubs-issue47.app */,
				3AA8B8A41878BE6300DF53D6 /* ohhttpstubs-issue47Tests.xctest */,
			);
			name = Products;
			sourceTree = "<group>";
		};
		3AA8B88B1878BE6300DF53D6 /* Frameworks */ = {
			isa = PBXGroup;
			children = (
				3AA8B88C1878BE6300DF53D6 /* Foundation.framework */,
				3AA8B88E1878BE6300DF53D6 /* CoreGraphics.framework */,
				3AA8B8901878BE6300DF53D6 /* UIKit.framework */,
				3AA8B8A51878BE6300DF53D6 /* XCTest.framework */,
				D5308D8F3E784A19952F67DA /* libPods.a */,
				AE4B92159429474B840C8B67 /* libPods-ohhttpstubs-issue47Tests.a */,
			);
			name = Frameworks;
			sourceTree = "<group>";
		};
		3AA8B8921878BE6300DF53D6 /* ohhttpstubs-issue47 */ = {
			isa = PBXGroup;
			children = (
				3AA8B89B1878BE6300DF53D6 /* AppDelegate.h */,
				3AA8B89C1878BE6300DF53D6 /* AppDelegate.m */,
				3AA8B89E1878BE6300DF53D6 /* Images.xcassets */,
				3AA8B8931878BE6300DF53D6 /* Supporting Files */,
			);
			path = "ohhttpstubs-issue47";
			sourceTree = "<group>";
		};
		3AA8B8931878BE6300DF53D6 /* Supporting Files */ = {
			isa = PBXGroup;
			children = (
				3AA8B8941878BE6300DF53D6 /* ohhttpstubs-issue47-Info.plist */,
				3AA8B8951878BE6300DF53D6 /* InfoPlist.strings */,
				3AA8B8981878BE6300DF53D6 /* main.m */,
				3AA8B89A1878BE6300DF53D6 /* ohhttpstubs-issue47-Prefix.pch */,
			);
			name = "Supporting Files";
			sourceTree = "<group>";
		};
		3AA8B8AB1878BE6300DF53D6 /* ohhttpstubs-issue47Tests */ = {
			isa = PBXGroup;
			children = (
				3AA8B8B11878BE6300DF53D6 /* ohhttpstubs_issue47Tests.m */,
				3AA8B8AC1878BE6300DF53D6 /* Supporting Files */,
			);
			path = "ohhttpstubs-issue47Tests";
			sourceTree = "<group>";
		};
		3AA8B8AC1878BE6300DF53D6 /* Supporting Files */ = {
			isa = PBXGroup;
			children = (
				3AA8B8AD1878BE6300DF53D6 /* ohhttpstubs-issue47Tests-Info.plist */,
				3AA8B8AE1878BE6300DF53D6 /* InfoPlist.strings */,
			);
			name = "Supporting Files";
			sourceTree = "<group>";
		};
/* End PBXGroup section */

/* Begin PBXNativeTarget section */
		3AA8B8881878BE6300DF53D6 /* ohhttpstubs-issue47 */ = {
			isa = PBXNativeTarget;
			buildConfigurationList = 3AA8B8B51878BE6300DF53D6 /* Build configuration list for PBXNativeTarget "ohhttpstubs-issue47" */;
			buildPhases = (
				7A7CEC29B3C848478FFB7FB9 /* Check Pods Manifest.lock */,
				3AA8B8851878BE6300DF53D6 /* Sources */,
				3AA8B8861878BE6300DF53D6 /* Frameworks */,
				3AA8B8871878BE6300DF53D6 /* Resources */,
				4F28529130BF4E60A03C5EEC /* Copy Pods Resources */,
			);
			buildRules = (
			);
			dependencies = (
			);
			name = "ohhttpstubs-issue47";
			productName = "ohhttpstubs-issue47";
			productReference = 3AA8B8891878BE6300DF53D6 /* ohhttpstubs-issue47.app */;
			productType = "com.apple.product-type.application";
		};
		3AA8B8A31878BE6300DF53D6 /* ohhttpstubs-issue47Tests */ = {
			isa = PBXNativeTarget;
			buildConfigurationList = 3AA8B8B81878BE6300DF53D6 /* Build configuration list for PBXNativeTarget "ohhttpstubs-issue47Tests" */;
			buildPhases = (
				B136CA23EBF945A68C6C40E0 /* Check Pods Manifest.lock */,
				3AA8B8A01878BE6300DF53D6 /* Sources */,
				3AA8B8A11878BE6300DF53D6 /* Frameworks */,
				3AA8B8A21878BE6300DF53D6 /* Resources */,
				F601F5DA42B34B89B1211CA1 /* Copy Pods Resources */,
			);
			buildRules = (
			);
			dependencies = (
				3AA8B8AA1878BE6300DF53D6 /* PBXTargetDependency */,
			);
			name = "ohhttpstubs-issue47Tests";
			productName = "ohhttpstubs-issue47Tests";
			productReference = 3AA8B8A41878BE6300DF53D6 /* ohhttpstubs-issue47Tests.xctest */;
			productType = "com.apple.product-type.bundle.unit-test";
		};
/* End PBXNativeTarget section */

/* Begin PBXProject section */
		3AA8B8811878BE6300DF53D6 /* Project object */ = {
			isa = PBXProject;
			attributes = {
				LastUpgradeCheck = 0500;
				ORGANIZATIONNAME = "Brennon Bortz";
				TargetAttributes = {
					3AA8B8A31878BE6300DF53D6 = {
						TestTargetID = 3AA8B8881878BE6300DF53D6;
					};
				};
			};
			buildConfigurationList = 3AA8B8841878BE6300DF53D6 /* Build configuration list for PBXProject "ohhttpstubs-issue47" */;
			compatibilityVersion = "Xcode 3.2";
			developmentRegion = English;
			hasScannedForEncodings = 0;
			knownRegions = (
				en,
			);
			mainGroup = 3AA8B8801878BE6300DF53D6;
			productRefGroup = 3AA8B88A1878BE6300DF53D6 /* Products */;
			projectDirPath = "";
			projectRoot = "";
			targets = (
				3AA8B8881878BE6300DF53D6 /* ohhttpstubs-issue47 */,
				3AA8B8A31878BE6300DF53D6 /* ohhttpstubs-issue47Tests */,
			);
		};
/* End PBXProject section */

/* Begin PBXResourcesBuildPhase section */
		3AA8B8871878BE6300DF53D6 /* Resources */ = {
			isa = PBXResourcesBuildPhase;
			buildActionMask = 2147483647;
			files = (
				3AA8B8971878BE6300DF53D6 /* InfoPlist.strings in Resources */,
				3AA8B89F1878BE6300DF53D6 /* Images.xcassets in Resources */,
			);
			runOnlyForDeploymentPostprocessing = 0;
		};
		3AA8B8A21878BE6300DF53D6 /* Resources */ = {
			isa = PBXResourcesBuildPhase;
			buildActionMask = 2147483647;
			files = (
				3AA8B8B01878BE6300DF53D6 /* InfoPlist.strings in Resources */,
			);
			runOnlyForDeploymentPostprocessing = 0;
		};
/* End PBXResourcesBuildPhase section */

/* Begin PBXShellScriptBuildPhase section */
		4F28529130BF4E60A03C5EEC /* Copy Pods Resources */ = {
			isa = PBXShellScriptBuildPhase;
			buildActionMask = 2147483647;
			files = (
			);
			inputPaths = (
			);
			name = "Copy Pods Resources";
			outputPaths = (
			);
			runOnlyForDeploymentPostprocessing = 0;
			shellPath = /bin/sh;
			shellScript = "\"${SRCROOT}/Pods/Pods-resources.sh\"\n";
			showEnvVarsInLog = 0;
		};
		7A7CEC29B3C848478FFB7FB9 /* Check Pods Manifest.lock */ = {
			isa = PBXShellScriptBuildPhase;
			buildActionMask = 2147483647;
			files = (
			);
			inputPaths = (
			);
			name = "Check Pods Manifest.lock";
			outputPaths = (
			);
			runOnlyForDeploymentPostprocessing = 0;
			shellPath = /bin/sh;
			shellScript = "diff \"${PODS_ROOT}/../Podfile.lock\" \"${PODS_ROOT}/Manifest.lock\" > /dev/null\nif [[ $? != 0 ]] ; then\n    cat << EOM\nerror: The sandbox is not in sync with the Podfile.lock. Run 'pod install' or update your CocoaPods installation.\nEOM\n    exit 1\nfi\n";
			showEnvVarsInLog = 0;
		};
		B136CA23EBF945A68C6C40E0 /* Check Pods Manifest.lock */ = {
			isa = PBXShellScriptBuildPhase;
			buildActionMask = 2147483647;
			files = (
			);
			inputPaths = (
			);
			name = "Check Pods Manifest.lock";
			outputPaths = (
			);
			runOnlyForDeploymentPostprocessing = 0;
			shellPath = /bin/sh;
			shellScript = "diff \"${PODS_ROOT}/../Podfile.lock\" \"${PODS_ROOT}/Manifest.lock\" > /dev/null\nif [[ $? != 0 ]] ; then\n    cat << EOM\nerror: The sandbox is not in sync with the Podfile.lock. Run 'pod install' or update your CocoaPods installation.\nEOM\n    exit 1\nfi\n";
			showEnvVarsInLog = 0;
		};
		F601F5DA42B34B89B1211CA1 /* Copy Pods Resources */ = {
			isa = PBXShellScriptBuildPhase;
			buildActionMask = 2147483647;
			files = (
			);
			inputPaths = (
			);
			name = "Copy Pods Resources";
			outputPaths = (
			);
			runOnlyForDeploymentPostprocessing = 0;
			shellPath = /bin/sh;
			shellScript = "\"${SRCROOT}/Pods/Pods-ohhttpstubs-issue47Tests-resources.sh\"\n";
			showEnvVarsInLog = 0;
		};
/* End PBXShellScriptBuildPhase section */

/* Begin PBXSourcesBuildPhase section */
		3AA8B8851878BE6300DF53D6 /* Sources */ = {
			isa = PBXSourcesBuildPhase;
			buildActionMask = 2147483647;
			files = (
				3AA8B89D1878BE6300DF53D6 /* AppDelegate.m in Sources */,
				3AA8B8991878BE6300DF53D6 /* main.m in Sources */,
			);
			runOnlyForDeploymentPostprocessing = 0;
		};
		3AA8B8A01878BE6300DF53D6 /* Sources */ = {
			isa = PBXSourcesBuildPhase;
			buildActionMask = 2147483647;
			files = (
				3AA8B8B21878BE6300DF53D6 /* ohhttpstubs_issue47Tests.m in Sources */,
			);
			runOnlyForDeploymentPostprocessing = 0;
		};
/* End PBXSourcesBuildPhase section */

/* Begin PBXTargetDependency section */
		3AA8B8AA1878BE6300DF53D6 /* PBXTargetDependency */ = {
			isa = PBXTargetDependency;
			target = 3AA8B8881878BE6300DF53D6 /* ohhttpstubs-issue47 */;
			targetProxy = 3AA8B8A91878BE6300DF53D6 /* PBXContainerItemProxy */;
		};
/* End PBXTargetDependency section */

/* Begin PBXVariantGroup section */
		3AA8B8951878BE6300DF53D6 /* InfoPlist.strings */ = {
			isa = PBXVariantGroup;
			children = (
				3AA8B8961878BE6300DF53D6 /* en */,
			);
			name = InfoPlist.strings;
			sourceTree = "<group>";
		};
		3AA8B8AE1878BE6300DF53D6 /* InfoPlist.strings */ = {
			isa = PBXVariantGroup;
			children = (
				3AA8B8AF1878BE6300DF53D6 /* en */,
			);
			name = InfoPlist.strings;
			sourceTree = "<group>";
		};
/* End PBXVariantGroup section */

/* Begin XCBuildConfiguration section */
		3AA8B8B31878BE6300DF53D6 /* Debug */ = {
			isa = XCBuildConfiguration;
			buildSettings = {
				ALWAYS_SEARCH_USER_PATHS = NO;
				ARCHS = "$(ARCHS_STANDARD_INCLUDING_64_BIT)";
				CLANG_CXX_LANGUAGE_STANDARD = "gnu++0x";
				CLANG_CXX_LIBRARY = "libc++";
				CLANG_ENABLE_MODULES = YES;
				CLANG_ENABLE_OBJC_ARC = YES;
				CLANG_WARN_BOOL_CONVERSION = YES;
				CLANG_WARN_CONSTANT_CONVERSION = YES;
				CLANG_WARN_DIRECT_OBJC_ISA_USAGE = YES_ERROR;
				CLANG_WARN_EMPTY_BODY = YES;
				CLANG_WARN_ENUM_CONVERSION = YES;
				CLANG_WARN_INT_CONVERSION = YES;
				CLANG_WARN_OBJC_ROOT_CLASS = YES_ERROR;
				CLANG_WARN__DUPLICATE_METHOD_MATCH = YES;
				"CODE_SIGN_IDENTITY[sdk=iphoneos*]" = "iPhone Developer";
				COPY_PHASE_STRIP = NO;
				GCC_C_LANGUAGE_STANDARD = gnu99;
				GCC_DYNAMIC_NO_PIC = NO;
				GCC_OPTIMIZATION_LEVEL = 0;
				GCC_PREPROCESSOR_DEFINITIONS = (
					"DEBUG=1",
					"$(inherited)",
				);
				GCC_SYMBOLS_PRIVATE_EXTERN = NO;
				GCC_WARN_64_TO_32_BIT_CONVERSION = YES;
				GCC_WARN_ABOUT_RETURN_TYPE = YES_ERROR;
				GCC_WARN_UNDECLARED_SELECTOR = YES;
				GCC_WARN_UNINITIALIZED_AUTOS = YES;
				GCC_WARN_UNUSED_FUNCTION = YES;
				GCC_WARN_UNUSED_VARIABLE = YES;
				IPHONEOS_DEPLOYMENT_TARGET = 7.0;
				ONLY_ACTIVE_ARCH = YES;
				SDKROOT = iphoneos;
			};
			name = Debug;
		};
		3AA8B8B41878BE6300DF53D6 /* Release */ = {
			isa = XCBuildConfiguration;
			buildSettings = {
				ALWAYS_SEARCH_USER_PATHS = NO;
				ARCHS = "$(ARCHS_STANDARD_INCLUDING_64_BIT)";
				CLANG_CXX_LANGUAGE_STANDARD = "gnu++0x";
				CLANG_CXX_LIBRARY = "libc++";
				CLANG_ENABLE_MODULES = YES;
				CLANG_ENABLE_OBJC_ARC = YES;
				CLANG_WARN_BOOL_CONVERSION = YES;
				CLANG_WARN_CONSTANT_CONVERSION = YES;
				CLANG_WARN_DIRECT_OBJC_ISA_USAGE = YES_ERROR;
				CLANG_WARN_EMPTY_BODY = YES;
				CLANG_WARN_ENUM_CONVERSION = YES;
				CLANG_WARN_INT_CONVERSION = YES;
				CLANG_WARN_OBJC_ROOT_CLASS = YES_ERROR;
				CLANG_WARN__DUPLICATE_METHOD_MATCH = YES;
				"CODE_SIGN_IDENTITY[sdk=iphoneos*]" = "iPhone Developer";
				COPY_PHASE_STRIP = YES;
				ENABLE_NS_ASSERTIONS = NO;
				GCC_C_LANGUAGE_STANDARD = gnu99;
				GCC_WARN_64_TO_32_BIT_CONVERSION = YES;
				GCC_WARN_ABOUT_RETURN_TYPE = YES_ERROR;
				GCC_WARN_UNDECLARED_SELECTOR = YES;
				GCC_WARN_UNINITIALIZED_AUTOS = YES;
				GCC_WARN_UNUSED_FUNCTION = YES;
				GCC_WARN_UNUSED_VARIABLE = YES;
				IPHONEOS_DEPLOYMENT_TARGET = 7.0;
				SDKROOT = iphoneos;
				VALIDATE_PRODUCT = YES;
			};
			name = Release;
		};
		3AA8B8B61878BE6300DF53D6 /* Debug */ = {
			isa = XCBuildConfiguration;
			baseConfigurationReference = 7DD2170B24914B34B797C7D9 /* Pods.xcconfig */;
			buildSettings = {
				ASSETCATALOG_COMPILER_APPICON_NAME = AppIcon;
				ASSETCATALOG_COMPILER_LAUNCHIMAGE_NAME = LaunchImage;
				GCC_PRECOMPILE_PREFIX_HEADER = YES;
				GCC_PREFIX_HEADER = "ohhttpstubs-issue47/ohhttpstubs-issue47-Prefix.pch";
				INFOPLIST_FILE = "ohhttpstubs-issue47/ohhttpstubs-issue47-Info.plist";
				PRODUCT_NAME = "$(TARGET_NAME)";
				WRAPPER_EXTENSION = app;
			};
			name = Debug;
		};
		3AA8B8B71878BE6300DF53D6 /* Release */ = {
			isa = XCBuildConfiguration;
			baseConfigurationReference = 7DD2170B24914B34B797C7D9 /* Pods.xcconfig */;
			buildSettings = {
				ASSETCATALOG_COMPILER_APPICON_NAME = AppIcon;
				ASSETCATALOG_COMPILER_LAUNCHIMAGE_NAME = LaunchImage;
				GCC_PRECOMPILE_PREFIX_HEADER = YES;
				GCC_PREFIX_HEADER = "ohhttpstubs-issue47/ohhttpstubs-issue47-Prefix.pch";
				INFOPLIST_FILE = "ohhttpstubs-issue47/ohhttpstubs-issue47-Info.plist";
				PRODUCT_NAME = "$(TARGET_NAME)";
				WRAPPER_EXTENSION = app;
			};
			name = Release;
		};
		3AA8B8B91878BE6300DF53D6 /* Debug */ = {
			isa = XCBuildConfiguration;
			baseConfigurationReference = CE5BEB2D8A154B6EA83D6C26 /* Pods-ohhttpstubs-issue47Tests.xcconfig */;
			buildSettings = {
				ARCHS = "$(ARCHS_STANDARD_INCLUDING_64_BIT)";
				BUNDLE_LOADER = "$(BUILT_PRODUCTS_DIR)/ohhttpstubs-issue47.app/ohhttpstubs-issue47";
				FRAMEWORK_SEARCH_PATHS = (
					"$(SDKROOT)/Developer/Library/Frameworks",
					"$(inherited)",
					"$(DEVELOPER_FRAMEWORKS_DIR)",
				);
				GCC_PRECOMPILE_PREFIX_HEADER = YES;
				GCC_PREFIX_HEADER = "ohhttpstubs-issue47/ohhttpstubs-issue47-Prefix.pch";
				GCC_PREPROCESSOR_DEFINITIONS = (
					"DEBUG=1",
					"$(inherited)",
				);
				INFOPLIST_FILE = "ohhttpstubs-issue47Tests/ohhttpstubs-issue47Tests-Info.plist";
				PRODUCT_NAME = "$(TARGET_NAME)";
				TEST_HOST = "$(BUNDLE_LOADER)";
				WRAPPER_EXTENSION = xctest;
			};
			name = Debug;
		};
		3AA8B8BA1878BE6300DF53D6 /* Release */ = {
			isa = XCBuildConfiguration;
			baseConfigurationReference = CE5BEB2D8A154B6EA83D6C26 /* Pods-ohhttpstubs-issue47Tests.xcconfig */;
			buildSettings = {
				ARCHS = "$(ARCHS_STANDARD_INCLUDING_64_BIT)";
				BUNDLE_LOADER = "$(BUILT_PRODUCTS_DIR)/ohhttpstubs-issue47.app/ohhttpstubs-issue47";
				FRAMEWORK_SEARCH_PATHS = (
					"$(SDKROOT)/Developer/Library/Frameworks",
					"$(inherited)",
					"$(DEVELOPER_FRAMEWORKS_DIR)",
				);
				GCC_PRECOMPILE_PREFIX_HEADER = YES;
				GCC_PREFIX_HEADER = "ohhttpstubs-issue47/ohhttpstubs-issue47-Prefix.pch";
				INFOPLIST_FILE = "ohhttpstubs-issue47Tests/ohhttpstubs-issue47Tests-Info.plist";
				PRODUCT_NAME = "$(TARGET_NAME)";
				TEST_HOST = "$(BUNDLE_LOADER)";
				WRAPPER_EXTENSION = xctest;
			};
			name = Release;
		};
/* End XCBuildConfiguration section */

/* Begin XCConfigurationList section */
		3AA8B8841878BE6300DF53D6 /* Build configuration list for PBXProject "ohhttpstubs-issue47" */ = {
			isa = XCConfigurationList;
			buildConfigurations = (
				3AA8B8B31878BE6300DF53D6 /* Debug */,
				3AA8B8B41878BE6300DF53D6 /* Release */,
			);
			defaultConfigurationIsVisible = 0;
			defaultConfigurationName = Release;
		};
		3AA8B8B51878BE6300DF53D6 /* Build configuration list for PBXNativeTarget "ohhttpstubs-issue47" */ = {
			isa = XCConfigurationList;
			buildConfigurations = (
				3AA8B8B61878BE6300DF53D6 /* Debug */,
				3AA8B8B71878BE6300DF53D6 /* Release */,
			);
			defaultConfigurationIsVisible = 0;
			defaultConfigurationName = Release;
		};
		3AA8B8B81878BE6300DF53D6 /* Build configuration list for PBXNativeTarget "ohhttpstubs-issue47Tests" */ = {
			isa = XCConfigurationList;
			buildConfigurations = (
				3AA8B8B91878BE6300DF53D6 /* Debug */,
				3AA8B8BA1878BE6300DF53D6 /* Release */,
			);
			defaultConfigurationIsVisible = 0;
			defaultConfigurationName = Release;
		};
/* End XCConfigurationList section */
	};
	rootObject = 3AA8B8811878BE6300DF53D6 /* Project object */;
}
